
Microsoft Visual Studio Solution File, Format Version 12.00
# Visual Studio Version 17
VisualStudioVersion = 17.5.2.0
MinimumVisualStudioVersion = 10.0.40219.1
Project("{2150E333-8FDC-42A3-9474-1A3956D46DE8}") = "src", "src", "{827E0CD3-B72D-47B6-A68D-7590B98EB39B}"
EndProject
Project("{2150E333-8FDC-42A3-9474-1A3956D46DE8}") = "tests", "tests", "{0AB3BF05-4346-4AA6-1389-037BE0695223}"
EndProject
Project("{FAE04EC0-301F-11D3-BF4B-00C04F79EFBC}") = "TextFilter", "src\TextFilter\TextFilter.csproj", "{F8FBF728-F361-4A5E-AB13-6AD8C58888FC}"
EndProject
Project("{FAE04EC0-301F-11D3-BF4B-00C04F79EFBC}") = "TextFilter.Tests", "tests\TextFilter.Tests\TextFilter.Tests.csproj", "{330852D6-1C20-4CA8-B5EE-B7A60CA123F1}"
EndProject
Global
	GlobalSection(SolutionConfigurationPlatforms) = preSolution
		Debug|Any CPU = Debug|Any CPU
		Debug|x64 = Debug|x64
		Debug|x86 = Debug|x86
		Release|Any CPU = Release|Any CPU
		Release|x64 = Release|x64
		Release|x86 = Release|x86
	EndGlobalSection
	GlobalSection(ProjectConfigurationPlatforms) = postSolution
		{F8FBF728-F361-4A5E-AB13-6AD8C58888FC}.Debug|Any CPU.ActiveCfg = Debug|Any CPU
		{F8FBF728-F361-4A5E-AB13-6AD8C58888FC}.Debug|Any CPU.Build.0 = Debug|Any CPU
		{F8FBF728-F361-4A5E-AB13-6AD8C58888FC}.Debug|x64.ActiveCfg = Debug|Any CPU
		{F8FBF728-F361-4A5E-AB13-6AD8C58888FC}.Debug|x64.Build.0 = Debug|Any CPU
		{F8FBF728-F361-4A5E-AB13-6AD8C58888FC}.Debug|x86.ActiveCfg = Debug|Any CPU
		{F8FBF728-F361-4A5E-AB13-6AD8C58888FC}.Debug|x86.Build.0 = Debug|Any CPU
		{F8FBF728-F361-4A5E-AB13-6AD8C58888FC}.Release|Any CPU.ActiveCfg = Release|Any CPU
		{F8FBF728-F361-4A5E-AB13-6AD8C58888FC}.Release|Any CPU.Build.0 = Release|Any CPU
		{F8FBF728-F361-4A5E-AB13-6AD8C58888FC}.Release|x64.ActiveCfg = Release|Any CPU
		{F8FBF728-F361-4A5E-AB13-6AD8C58888FC}.Release|x64.Build.0 = Release|Any CPU
		{F8FBF728-F361-4A5E-AB13-6AD8C58888FC}.Release|x86.ActiveCfg = Release|Any CPU
		{F8FBF728-F361-4A5E-AB13-6AD8C58888FC}.Release|x86.Build.0 = Release|Any CPU
		{330852D6-1C20-4CA8-B5EE-B7A60CA123F1}.Debug|Any CPU.ActiveCfg = Debug|Any CPU
		{330852D6-1C20-4CA8-B5EE-B7A60CA123F1}.Debug|Any CPU.Build.0 = Debug|Any CPU
		{330852D6-1C20-4CA8-B5EE-B7A60CA123F1}.Debug|x64.ActiveCfg = Debug|Any CPU
		{330852D6-1C20-4CA8-B5EE-B7A60CA123F1}.Debug|x64.Build.0 = Debug|Any CPU
		{330852D6-1C20-4CA8-B5EE-B7A60CA123F1}.Debug|x86.ActiveCfg = Debug|Any CPU
		{330852D6-1C20-4CA8-B5EE-B7A60CA123F1}.Debug|x86.Build.0 = Debug|Any CPU
		{330852D6-1C20-4CA8-B5EE-B7A60CA123F1}.Release|Any CPU.ActiveCfg = Release|Any CPU
		{330852D6-1C20-4CA8-B5EE-B7A60CA123F1}.Release|Any CPU.Build.0 = Release|Any CPU
		{330852D6-1C20-4CA8-B5EE-B7A60CA123F1}.Release|x64.ActiveCfg = Release|Any CPU
		{330852D6-1C20-4CA8-B5EE-B7A60CA123F1}.Release|x64.Build.0 = Release|Any CPU
		{330852D6-1C20-4CA8-B5EE-B7A60CA123F1}.Release|x86.ActiveCfg = Release|Any CPU
		{330852D6-1C20-4CA8-B5EE-B7A60CA123F1}.Release|x86.Build.0 = Release|Any CPU
	EndGlobalSection
	GlobalSection(SolutionProperties) = preSolution
		HideSolutionNode = FALSE
	EndGlobalSection
	GlobalSection(NestedProjects) = preSolution
		{F8FBF728-F361-4A5E-AB13-6AD8C58888FC} = {827E0CD3-B72D-47B6-A68D-7590B98EB39B}
		{330852D6-1C20-4CA8-B5EE-B7A60CA123F1} = {0AB3BF05-4346-4AA6-1389-037BE0695223}
	EndGlobalSection
	GlobalSection(ExtensibilityGlobals) = postSolution
		SolutionGuid = {4687E600-B635-47E1-9A16-A0D94161BAE4}
	EndGlobalSection
EndGlobal
